Microsoft Visual Studio Solution File, Format Version 12.00
# Visual Studio Version 17
VisualStudioVersion = 17.14.35821.62
MinimumVisualStudioVersion = 10.0.40219.1
Project("{FAE04EC0-301F-11D3-BF4B-00C04F79EFBC}") = "KG_4_Doroshok", "KG_4_Doroshok.csproj", "{89602B75-651E-41C7-90ED-022DC07BF94D}"
EndProject
Global
	GlobalSection(SolutionConfigurationPlatforms) = preSolution
		Debug|Any CPU = Debug|Any CPU
		Release|Any CPU = Release|Any CPU
	EndGlobalSection
	GlobalSection(ProjectConfigurationPlatforms) = postSolution
		{89602B75-651E-41C7-90ED-022DC07BF94D}.Debug|Any CPU.ActiveCfg = Debug|Any CPU
		{89602B75-651E-41C7-90ED-022DC07BF94D}.Debug|Any CPU.Build.0 = Debug|Any CPU
		{89602B75-651E-41C7-90ED-022DC07BF94D}.Release|Any CPU.ActiveCfg = Release|Any CPU
		{89602B75-651E-41C7-90ED-022DC07BF94D}.Release|Any CPU.Build.0 = Release|Any CPU
	EndGlobalSection
	GlobalSection(SolutionProperties) = preSolution
		HideSolutionNode = FALSE
	EndGlobalSection
	GlobalSection(ExtensibilityGlobals) = postSolution
		SolutionGuid = {A6CBEB6B-0E1B-48B8-9AFC-83FCC3C9A928}
	EndGlobalSection
EndGlobal
