
Microsoft Visual Studio Solution File, Format Version 12.00
# Visual Studio Version 17
VisualStudioVersion = 17.13.35806.99
MinimumVisualStudioVersion = 10.0.40219.1
Project("{FAE04EC0-301F-11D3-BF4B-00C04F79EFBC}") = "Doroshok Lab3", "Lab3\Doroshok Lab3.csproj", "{9AA68FAF-D22F-4EF1-B2BD-6DB7606788FE}"
EndProject
Global
	GlobalSection(SolutionConfigurationPlatforms) = preSolution
		Debug|Any CPU = Debug|Any CPU
		Release|Any CPU = Release|Any CPU
	EndGlobalSection
	GlobalSection(ProjectConfigurationPlatforms) = postSolution
		{9AA68FAF-D22F-4EF1-B2BD-6DB7606788FE}.Debug|Any CPU.ActiveCfg = Debug|Any CPU
		{9AA68FAF-D22F-4EF1-B2BD-6DB7606788FE}.Debug|Any CPU.Build.0 = Debug|Any CPU
		{9AA68FAF-D22F-4EF1-B2BD-6DB7606788FE}.Release|Any CPU.ActiveCfg = Release|Any CPU
		{9AA68FAF-D22F-4EF1-B2BD-6DB7606788FE}.Release|Any CPU.Build.0 = Release|Any CPU
	EndGlobalSection
	GlobalSection(SolutionProperties) = preSolution
		HideSolutionNode = FALSE
	EndGlobalSection
	GlobalSection(ExtensibilityGlobals) = postSolution
		SolutionGuid = {27897E13-A4F9-4D31-922E-70EA87B08487}
	EndGlobalSection
EndGlobal
